// !$*UTF8*$!
{
	archiveVersion = 1;
	classes = {
	};
	objectVersion = 50;
	objects = {

/* Begin PBXBuildFile section */
		2706640E24B9596500BB0C2A /* AVFoundation.framework in Frameworks */ = {isa = PBXBuildFile; fileRef = 270663D024B944C000BB0C2A /* AVFoundation.framework */; };
		2706640F24B9596500BB0C2A /* AVFoundation.framework in Embed Frameworks */ = {isa = PBXBuildFile; fileRef = 270663D024B944C000BB0C2A /* AVFoundation.framework */; settings = {ATTRIBUTES = (CodeSignOnCopy, RemoveHeadersOnCopy, ); }; };
		2706641324B95ACC00BB0C2A /* UIKit.framework in Frameworks */ = {isa = PBXBuildFile; fileRef = 2706641124B95AC800BB0C2A /* UIKit.framework */; };
		2706641424B95ACC00BB0C2A /* UIKit.framework in Embed Frameworks */ = {isa = PBXBuildFile; fileRef = 2706641124B95AC800BB0C2A /* UIKit.framework */; settings = {ATTRIBUTES = (CodeSignOnCopy, RemoveHeadersOnCopy, ); }; };
		273596B624B93A1D00CA72DF /* AppViewStory.storyboard in Resources */ = {isa = PBXBuildFile; fileRef = 273596B324B93A1D00CA72DF /* AppViewStory.storyboard */; };
		273596B724B93A1D00CA72DF /* AppViewController.swift in Sources */ = {isa = PBXBuildFile; fileRef = 273596B424B93A1D00CA72DF /* AppViewController.swift */; };
		273596B824B93A1D00CA72DF /* DocumentCamera.storyboard in Resources */ = {isa = PBXBuildFile; fileRef = 273596B524B93A1D00CA72DF /* DocumentCamera.storyboard */; };
		273596BD24B93A5A00CA72DF /* ImageUtilities.swift in Sources */ = {isa = PBXBuildFile; fileRef = 273596BC24B93A5A00CA72DF /* ImageUtilities.swift */; };
		273596BF24B93A6500CA72DF /* DocumentModel.swift in Sources */ = {isa = PBXBuildFile; fileRef = 273596BE24B93A6500CA72DF /* DocumentModel.swift */; };
		273596C724B93A7F00CA72DF /* CropViewController.swift in Sources */ = {isa = PBXBuildFile; fileRef = 273596C124B93A7F00CA72DF /* CropViewController.swift */; };
		273596C824B93A7F00CA72DF /* CropRouter.swift in Sources */ = {isa = PBXBuildFile; fileRef = 273596C224B93A7F00CA72DF /* CropRouter.swift */; };
		273596C924B93A7F00CA72DF /* CropModels.swift in Sources */ = {isa = PBXBuildFile; fileRef = 273596C324B93A7F00CA72DF /* CropModels.swift */; };
		273596CA24B93A7F00CA72DF /* CropInteractor.swift in Sources */ = {isa = PBXBuildFile; fileRef = 273596C424B93A7F00CA72DF /* CropInteractor.swift */; };
		273596CB24B93A7F00CA72DF /* CropExtensionViewController.swift in Sources */ = {isa = PBXBuildFile; fileRef = 273596C524B93A7F00CA72DF /* CropExtensionViewController.swift */; };
		273596CC24B93A7F00CA72DF /* CropPresenter.swift in Sources */ = {isa = PBXBuildFile; fileRef = 273596C624B93A7F00CA72DF /* CropPresenter.swift */; };
		273596D324B93A9A00CA72DF /* DocumentInteractor.swift in Sources */ = {isa = PBXBuildFile; fileRef = 273596CE24B93A9900CA72DF /* DocumentInteractor.swift */; };
		273596D424B93A9A00CA72DF /* DocumentRouter.swift in Sources */ = {isa = PBXBuildFile; fileRef = 273596CF24B93A9900CA72DF /* DocumentRouter.swift */; };
		273596D524B93A9A00CA72DF /* DocumentPresenter.swift in Sources */ = {isa = PBXBuildFile; fileRef = 273596D024B93A9900CA72DF /* DocumentPresenter.swift */; };
		273596D624B93A9A00CA72DF /* DocumentModels.swift in Sources */ = {isa = PBXBuildFile; fileRef = 273596D124B93A9A00CA72DF /* DocumentModels.swift */; };
		273596D724B93A9A00CA72DF /* DocumentViewController.swift in Sources */ = {isa = PBXBuildFile; fileRef = 273596D224B93A9A00CA72DF /* DocumentViewController.swift */; };
		276ED533247E0C4C008675AD /* LaunchScreen.storyboard in Resources */ = {isa = PBXBuildFile; fileRef = 276ED531247E0C4C008675AD /* LaunchScreen.storyboard */; };
		27A85D2F2487055400A95F04 /* Assets.xcassets in Resources */ = {isa = PBXBuildFile; fileRef = 27A85D2E2487055400A95F04 /* Assets.xcassets */; };
/* End PBXBuildFile section */

/* Begin PBXCopyFilesBuildPhase section */
		2706641024B9596500BB0C2A /* Embed Frameworks */ = {
			isa = PBXCopyFilesBuildPhase;
			buildActionMask = 2147483647;
			dstPath = "";
			dstSubfolderSpec = 10;
			files = (
				2706640F24B9596500BB0C2A /* AVFoundation.framework in Embed Frameworks */,
				2706641424B95ACC00BB0C2A /* UIKit.framework in Embed Frameworks */,
			);
			name = "Embed Frameworks";
			runOnlyForDeploymentPostprocessing = 0;
		};
/* End PBXCopyFilesBuildPhase section */

/* Begin PBXFileReference section */
		270663D024B944C000BB0C2A /* AVFoundation.framework */ = {isa = PBXFileReference; lastKnownFileType = wrapper.framework; name = AVFoundation.framework; path = System/Library/Frameworks/AVFoundation.framework; sourceTree = SDKROOT; };
		2706641124B95AC800BB0C2A /* UIKit.framework */ = {isa = PBXFileReference; lastKnownFileType = wrapper.framework; name = UIKit.framework; path = System/Library/Frameworks/UIKit.framework; sourceTree = SDKROOT; };
		273596B324B93A1D00CA72DF /* AppViewStory.storyboard */ = {isa = PBXFileReference; fileEncoding = 4; lastKnownFileType = file.storyboard; path = AppViewStory.storyboard; sourceTree = "<group>"; };
		273596B424B93A1D00CA72DF /* AppViewController.swift */ = {isa = PBXFileReference; fileEncoding = 4; lastKnownFileType = sourcecode.swift; path = AppViewController.swift; sourceTree = "<group>"; };
		273596B524B93A1D00CA72DF /* DocumentCamera.storyboard */ = {isa = PBXFileReference; fileEncoding = 4; lastKnownFileType = file.storyboard; path = DocumentCamera.storyboard; sourceTree = "<group>"; };
		273596BC24B93A5A00CA72DF /* ImageUtilities.swift */ = {isa = PBXFileReference; fileEncoding = 4; lastKnownFileType = sourcecode.swift; path = ImageUtilities.swift; sourceTree = "<group>"; };
		273596BE24B93A6500CA72DF /* DocumentModel.swift */ = {isa = PBXFileReference; fileEncoding = 4; lastKnownFileType = sourcecode.swift; path = DocumentModel.swift; sourceTree = "<group>"; };
		273596C124B93A7F00CA72DF /* CropViewController.swift */ = {isa = PBXFileReference; fileEncoding = 4; lastKnownFileType = sourcecode.swift; path = CropViewController.swift; sourceTree = "<group>"; };
		273596C224B93A7F00CA72DF /* CropRouter.swift */ = {isa = PBXFileReference; fileEncoding = 4; lastKnownFileType = sourcecode.swift; path = CropRouter.swift; sourceTree = "<group>"; };
		273596C324B93A7F00CA72DF /* CropModels.swift */ = {isa = PBXFileReference; fileEncoding = 4; lastKnownFileType = sourcecode.swift; path = CropModels.swift; sourceTree = "<group>"; };
		273596C424B93A7F00CA72DF /* CropInteractor.swift */ = {isa = PBXFileReference; fileEncoding = 4; lastKnownFileType = sourcecode.swift; path = CropInteractor.swift; sourceTree = "<group>"; };
		273596C524B93A7F00CA72DF /* CropExtensionViewController.swift */ = {isa = PBXFileReference; fileEncoding = 4; lastKnownFileType = sourcecode.swift; path = CropExtensionViewController.swift; sourceTree = "<group>"; };
		273596C624B93A7F00CA72DF /* CropPresenter.swift */ = {isa = PBXFileReference; fileEncoding = 4; lastKnownFileType = sourcecode.swift; path = CropPresenter.swift; sourceTree = "<group>"; };
		273596CE24B93A9900CA72DF /* DocumentInteractor.swift */ = {isa = PBXFileReference; fileEncoding = 4; lastKnownFileType = sourcecode.swift; path = DocumentInteractor.swift; sourceTree = "<group>"; };
		273596CF24B93A9900CA72DF /* DocumentRouter.swift */ = {isa = PBXFileReference; fileEncoding = 4; lastKnownFileType = sourcecode.swift; path = DocumentRouter.swift; sourceTree = "<group>"; };
		273596D024B93A9900CA72DF /* DocumentPresenter.swift */ = {isa = PBXFileReference; fileEncoding = 4; lastKnownFileType = sourcecode.swift; path = DocumentPresenter.swift; sourceTree = "<group>"; };
		273596D124B93A9A00CA72DF /* DocumentModels.swift */ = {isa = PBXFileReference; fileEncoding = 4; lastKnownFileType = sourcecode.swift; path = DocumentModels.swift; sourceTree = "<group>"; };
		273596D224B93A9A00CA72DF /* DocumentViewController.swift */ = {isa = PBXFileReference; fileEncoding = 4; lastKnownFileType = sourcecode.swift; path = DocumentViewController.swift; sourceTree = "<group>"; };
		276ED523247E0C48008675AD /* camaraPrub.app */ = {isa = PBXFileReference; explicitFileType = wrapper.application; includeInIndex = 0; path = camaraPrub.app; sourceTree = BUILT_PRODUCTS_DIR; };
		276ED532247E0C4C008675AD /* Base */ = {isa = PBXFileReference; lastKnownFileType = file.storyboard; name = Base; path = Base.lproj/LaunchScreen.storyboard; sourceTree = "<group>"; };
		276ED534247E0C4C008675AD /* Info.plist */ = {isa = PBXFileReference; lastKnownFileType = text.plist.xml; path = Info.plist; sourceTree = "<group>"; };
		27A85D2E2487055400A95F04 /* Assets.xcassets */ = {isa = PBXFileReference; lastKnownFileType = folder.assetcatalog; path = Assets.xcassets; sourceTree = "<group>"; };
/* End PBXFileReference section */

/* Begin PBXFrameworksBuildPhase section */
		276ED520247E0C48008675AD /* Frameworks */ = {
			isa = PBXFrameworksBuildPhase;
			buildActionMask = 2147483647;
			files = (
				2706640E24B9596500BB0C2A /* AVFoundation.framework in Frameworks */,
				2706641324B95ACC00BB0C2A /* UIKit.framework in Frameworks */,
			);
			runOnlyForDeploymentPostprocessing = 0;
		};
/* End PBXFrameworksBuildPhase section */

/* Begin PBXGroup section */
		273596B924B93A3B00CA72DF /* Utilities */ = {
			isa = PBXGroup;
			children = (
				273596BC24B93A5A00CA72DF /* ImageUtilities.swift */,
			);
			path = Utilities;
			sourceTree = "<group>";
		};
		273596BA24B93A4700CA72DF /* Shared */ = {
			isa = PBXGroup;
			children = (
				273596BE24B93A6500CA72DF /* DocumentModel.swift */,
			);
			path = Shared;
			sourceTree = "<group>";
		};
		273596BB24B93A4E00CA72DF /* Scenes */ = {
			isa = PBXGroup;
			children = (
				273596CD24B93A8300CA72DF /* Document */,
				273596C024B93A6E00CA72DF /* Crop */,
			);
			path = Scenes;
			sourceTree = "<group>";
		};
		273596C024B93A6E00CA72DF /* Crop */ = {
			isa = PBXGroup;
			children = (
				273596C524B93A7F00CA72DF /* CropExtensionViewController.swift */,
				273596C424B93A7F00CA72DF /* CropInteractor.swift */,
				273596C324B93A7F00CA72DF /* CropModels.swift */,
				273596C624B93A7F00CA72DF /* CropPresenter.swift */,
				273596C224B93A7F00CA72DF /* CropRouter.swift */,
				273596C124B93A7F00CA72DF /* CropViewController.swift */,
			);
			path = Crop;
			sourceTree = "<group>";
		};
		273596CD24B93A8300CA72DF /* Document */ = {
			isa = PBXGroup;
			children = (
				273596CE24B93A9900CA72DF /* DocumentInteractor.swift */,
				273596D124B93A9A00CA72DF /* DocumentModels.swift */,
				273596D024B93A9900CA72DF /* DocumentPresenter.swift */,
				273596CF24B93A9900CA72DF /* DocumentRouter.swift */,
				273596D224B93A9A00CA72DF /* DocumentViewController.swift */,
			);
			path = Document;
			sourceTree = "<group>";
		};
		276ED51A247E0C48008675AD = {
			isa = PBXGroup;
			children = (
				276ED525247E0C48008675AD /* camaraPrub */,
				276ED524247E0C48008675AD /* Products */,
				2787B2A3247EFA1A006064B6 /* Frameworks */,
			);
			sourceTree = "<group>";
		};
		276ED524247E0C48008675AD /* Products */ = {
			isa = PBXGroup;
			children = (
				276ED523247E0C48008675AD /* camaraPrub.app */,
			);
			name = Products;
			sourceTree = "<group>";
		};
		276ED525247E0C48008675AD /* camaraPrub */ = {
			isa = PBXGroup;
			children = (
				273596BB24B93A4E00CA72DF /* Scenes */,
				273596BA24B93A4700CA72DF /* Shared */,
				273596B924B93A3B00CA72DF /* Utilities */,
				27A85D2E2487055400A95F04 /* Assets.xcassets */,
				273596B424B93A1D00CA72DF /* AppViewController.swift */,
				273596B324B93A1D00CA72DF /* AppViewStory.storyboard */,
				273596B524B93A1D00CA72DF /* DocumentCamera.storyboard */,
				276ED531247E0C4C008675AD /* LaunchScreen.storyboard */,
				276ED534247E0C4C008675AD /* Info.plist */,
			);
			path = camaraPrub;
			sourceTree = "<group>";
		};
		2787B2A3247EFA1A006064B6 /* Frameworks */ = {
			isa = PBXGroup;
			children = (
				2706641124B95AC800BB0C2A /* UIKit.framework */,
				270663D024B944C000BB0C2A /* AVFoundation.framework */,
			);
			name = Frameworks;
			sourceTree = "<group>";
		};
/* End PBXGroup section */

/* Begin PBXNativeTarget section */
		276ED522247E0C48008675AD /* camaraPrub */ = {
			isa = PBXNativeTarget;
			buildConfigurationList = 276ED537247E0C4C008675AD /* Build configuration list for PBXNativeTarget "camaraPrub" */;
			buildPhases = (
				276ED51F247E0C48008675AD /* Sources */,
				276ED520247E0C48008675AD /* Frameworks */,
				276ED521247E0C48008675AD /* Resources */,
				2706641024B9596500BB0C2A /* Embed Frameworks */,
			);
			buildRules = (
			);
			dependencies = (
			);
			name = camaraPrub;
			productName = camaraPrub;
			productReference = 276ED523247E0C48008675AD /* camaraPrub.app */;
			productType = "com.apple.product-type.application";
		};
/* End PBXNativeTarget section */

/* Begin PBXProject section */
		276ED51B247E0C48008675AD /* Project object */ = {
			isa = PBXProject;
			attributes = {
				LastSwiftUpdateCheck = 1150;
				LastUpgradeCheck = 1150;
				ORGANIZATIONNAME = irisdarka;
				TargetAttributes = {
					276ED522247E0C48008675AD = {
						CreatedOnToolsVersion = 11.5;
						LastSwiftMigration = 1150;
					};
				};
			};
			buildConfigurationList = 276ED51E247E0C48008675AD /* Build configuration list for PBXProject "camaraPrub" */;
			compatibilityVersion = "Xcode 9.3";
			developmentRegion = en;
			hasScannedForEncodings = 0;
			knownRegions = (
				en,
				Base,
			);
			mainGroup = 276ED51A247E0C48008675AD;
			productRefGroup = 276ED524247E0C48008675AD /* Products */;
			projectDirPath = "";
			projectRoot = "";
			targets = (
				276ED522247E0C48008675AD /* camaraPrub */,
			);
		};
/* End PBXProject section */

/* Begin PBXResourcesBuildPhase section */
		276ED521247E0C48008675AD /* Resources */ = {
			isa = PBXResourcesBuildPhase;
			buildActionMask = 2147483647;
			files = (
				273596B824B93A1D00CA72DF /* DocumentCamera.storyboard in Resources */,
				276ED533247E0C4C008675AD /* LaunchScreen.storyboard in Resources */,
				273596B624B93A1D00CA72DF /* AppViewStory.storyboard in Resources */,
				27A85D2F2487055400A95F04 /* Assets.xcassets in Resources */,
			);
			runOnlyForDeploymentPostprocessing = 0;
		};
/* End PBXResourcesBuildPhase section */

/* Begin PBXSourcesBuildPhase section */
		276ED51F247E0C48008675AD /* Sources */ = {
			isa = PBXSourcesBuildPhase;
			buildActionMask = 2147483647;
			files = (
				273596CA24B93A7F00CA72DF /* CropInteractor.swift in Sources */,
				273596D424B93A9A00CA72DF /* DocumentRouter.swift in Sources */,
				273596BD24B93A5A00CA72DF /* ImageUtilities.swift in Sources */,
				273596BF24B93A6500CA72DF /* DocumentModel.swift in Sources */,
				273596CC24B93A7F00CA72DF /* CropPresenter.swift in Sources */,
				273596D524B93A9A00CA72DF /* DocumentPresenter.swift in Sources */,
				273596C724B93A7F00CA72DF /* CropViewController.swift in Sources */,
				273596CB24B93A7F00CA72DF /* CropExtensionViewController.swift in Sources */,
				273596C924B93A7F00CA72DF /* CropModels.swift in Sources */,
				273596B724B93A1D00CA72DF /* AppViewController.swift in Sources */,
				273596D624B93A9A00CA72DF /* DocumentModels.swift in Sources */,
				273596D724B93A9A00CA72DF /* DocumentViewController.swift in Sources */,
				273596C824B93A7F00CA72DF /* CropRouter.swift in Sources */,
				273596D324B93A9A00CA72DF /* DocumentInteractor.swift in Sources */,
			);
			runOnlyForDeploymentPostprocessing = 0;
		};
/* End PBXSourcesBuildPhase section */

/* Begin PBXVariantGroup section */
		276ED531247E0C4C008675AD /* LaunchScreen.storyboard */ = {
			isa = PBXVariantGroup;
			children = (
				276ED532247E0C4C008675AD /* Base */,
			);
			name = LaunchScreen.storyboard;
			sourceTree = "<group>";
		};
/* End PBXVariantGroup section */

/* Begin XCBuildConfiguration section */
		276ED535247E0C4C008675AD /* Debug */ = {
			isa = XCBuildConfiguration;
			buildSettings = {
				ALWAYS_SEARCH_USER_PATHS = NO;
				CLANG_ANALYZER_NONNULL = YES;
				CLANG_ANALYZER_NUMBER_OBJECT_CONVERSION = YES_AGGRESSIVE;
				CLANG_CXX_LANGUAGE_STANDARD = "gnu++14";
				CLANG_CXX_LIBRARY = "libc++";
				CLANG_ENABLE_MODULES = YES;
				CLANG_ENABLE_OBJC_ARC = YES;
				CLANG_ENABLE_OBJC_WEAK = YES;
				CLANG_WARN_BLOCK_CAPTURE_AUTORELEASING = YES;
				CLANG_WARN_BOOL_CONVERSION = YES;
				CLANG_WARN_COMMA = YES;
				CLANG_WARN_CONSTANT_CONVERSION = YES;
				CLANG_WARN_DEPRECATED_OBJC_IMPLEMENTATIONS = YES;
				CLANG_WARN_DIRECT_OBJC_ISA_USAGE = YES_ERROR;
				CLANG_WARN_DOCUMENTATION_COMMENTS = YES;
				CLANG_WARN_EMPTY_BODY = YES;
				CLANG_WARN_ENUM_CONVERSION = YES;
				CLANG_WARN_INFINITE_RECURSION = YES;
				CLANG_WARN_INT_CONVERSION = YES;
				CLANG_WARN_NON_LITERAL_NULL_CONVERSION = YES;
				CLANG_WARN_OBJC_IMPLICIT_RETAIN_SELF = YES;
				CLANG_WARN_OBJC_LITERAL_CONVERSION = YES;
				CLANG_WARN_OBJC_ROOT_CLASS = YES_ERROR;
				CLANG_WARN_RANGE_LOOP_ANALYSIS = YES;
				CLANG_WARN_STRICT_PROTOTYPES = YES;
				CLANG_WARN_SUSPICIOUS_MOVE = YES;
				CLANG_WARN_UNGUARDED_AVAILABILITY = YES_AGGRESSIVE;
				CLANG_WARN_UNREACHABLE_CODE = YES;
				CLANG_WARN__DUPLICATE_METHOD_MATCH = YES;
				COPY_PHASE_STRIP = NO;
				DEBUG_INFORMATION_FORMAT = dwarf;
				ENABLE_STRICT_OBJC_MSGSEND = YES;
				ENABLE_TESTABILITY = YES;
				GCC_C_LANGUAGE_STANDARD = gnu11;
				GCC_DYNAMIC_NO_PIC = NO;
				GCC_NO_COMMON_BLOCKS = YES;
				GCC_OPTIMIZATION_LEVEL = 0;
				GCC_PREPROCESSOR_DEFINITIONS = (
					"DEBUG=1",
					"$(inherited)",
				);
				GCC_WARN_64_TO_32_BIT_CONVERSION = YES;
				GCC_WARN_ABOUT_RETURN_TYPE = YES_ERROR;
				GCC_WARN_UNDECLARED_SELECTOR = YES;
				GCC_WARN_UNINITIALIZED_AUTOS = YES_AGGRESSIVE;
				GCC_WARN_UNUSED_FUNCTION = YES;
				GCC_WARN_UNUSED_VARIABLE = YES;
				IPHONEOS_DEPLOYMENT_TARGET = 13.0;
				MTL_ENABLE_DEBUG_INFO = INCLUDE_SOURCE;
				MTL_FAST_MATH = YES;
				ONLY_ACTIVE_ARCH = YES;
				SDKROOT = iphoneos;
				SWIFT_ACTIVE_COMPILATION_CONDITIONS = DEBUG;
				SWIFT_OPTIMIZATION_LEVEL = "-Onone";
			};
			name = Debug;
		};
		276ED536247E0C4C008675AD /* Release */ = {
			isa = XCBuildConfiguration;
			buildSettings = {
				ALWAYS_SEARCH_USER_PATHS = NO;
				CLANG_ANALYZER_NONNULL = YES;
				CLANG_ANALYZER_NUMBER_OBJECT_CONVERSION = YES_AGGRESSIVE;
				CLANG_CXX_LANGUAGE_STANDARD = "gnu++14";
				CLANG_CXX_LIBRARY = "libc++";
				CLANG_ENABLE_MODULES = YES;
				CLANG_ENABLE_OBJC_ARC = YES;
				CLANG_ENABLE_OBJC_WEAK = YES;
				CLANG_WARN_BLOCK_CAPTURE_AUTORELEASING = YES;
				CLANG_WARN_BOOL_CONVERSION = YES;
				CLANG_WARN_COMMA = YES;
				CLANG_WARN_CONSTANT_CONVERSION = YES;
				CLANG_WARN_DEPRECATED_OBJC_IMPLEMENTATIONS = YES;
				CLANG_WARN_DIRECT_OBJC_ISA_USAGE = YES_ERROR;
				CLANG_WARN_DOCUMENTATION_COMMENTS = YES;
				CLANG_WARN_EMPTY_BODY = YES;
				CLANG_WARN_ENUM_CONVERSION = YES;
				CLANG_WARN_INFINITE_RECURSION = YES;
				CLANG_WARN_INT_CONVERSION = YES;
				CLANG_WARN_NON_LITERAL_NULL_CONVERSION = YES;
				CLANG_WARN_OBJC_IMPLICIT_RETAIN_SELF = YES;
				CLANG_WARN_OBJC_LITERAL_CONVERSION = YES;
				CLANG_WARN_OBJC_ROOT_CLASS = YES_ERROR;
				CLANG_WARN_RANGE_LOOP_ANALYSIS = YES;
				CLANG_WARN_STRICT_PROTOTYPES = YES;
				CLANG_WARN_SUSPICIOUS_MOVE = YES;
				CLANG_WARN_UNGUARDED_AVAILABILITY = YES_AGGRESSIVE;
				CLANG_WARN_UNREACHABLE_CODE = YES;
				CLANG_WARN__DUPLICATE_METHOD_MATCH = YES;
				COPY_PHASE_STRIP = NO;
				DEBUG_INFORMATION_FORMAT = "dwarf-with-dsym";
				ENABLE_NS_ASSERTIONS = NO;
				ENABLE_STRICT_OBJC_MSGSEND = YES;
				GCC_C_LANGUAGE_STANDARD = gnu11;
				GCC_NO_COMMON_BLOCKS = YES;
				GCC_WARN_64_TO_32_BIT_CONVERSION = YES;
				GCC_WARN_ABOUT_RETURN_TYPE = YES_ERROR;
				GCC_WARN_UNDECLARED_SELECTOR = YES;
				GCC_WARN_UNINITIALIZED_AUTOS = YES_AGGRESSIVE;
				GCC_WARN_UNUSED_FUNCTION = YES;
				GCC_WARN_UNUSED_VARIABLE = YES;
				IPHONEOS_DEPLOYMENT_TARGET = 13.0;
				MTL_ENABLE_DEBUG_INFO = NO;
				MTL_FAST_MATH = YES;
				SDKROOT = iphoneos;
				SWIFT_COMPILATION_MODE = wholemodule;
				SWIFT_OPTIMIZATION_LEVEL = "-O";
				VALIDATE_PRODUCT = YES;
			};
			name = Release;
		};
		276ED538247E0C4C008675AD /* Debug */ = {
			isa = XCBuildConfiguration;
			buildSettings = {
				ASSETCATALOG_COMPILER_APPICON_NAME = AppIcon;
				CLANG_ENABLE_MODULES = YES;
				CODE_SIGN_STYLE = Automatic;
				DEVELOPMENT_TEAM = E9APW83YAV;
				INFOPLIST_FILE = camaraPrub/Info.plist;
				LD_RUNPATH_SEARCH_PATHS = (
					"$(inherited)",
					"@executable_path/Frameworks",
				);
				PRODUCT_BUNDLE_IDENTIFIER = com.camaraPrub.iris;
				PRODUCT_NAME = "$(TARGET_NAME)";
				SWIFT_OPTIMIZATION_LEVEL = "-Onone";
				SWIFT_VERSION = 5.0;
				TARGETED_DEVICE_FAMILY = 1;
			};
			name = Debug;
		};
		276ED539247E0C4C008675AD /* Release */ = {
			isa = XCBuildConfiguration;
			buildSettings = {
				ASSETCATALOG_COMPILER_APPICON_NAME = AppIcon;
				CLANG_ENABLE_MODULES = YES;
				CODE_SIGN_STYLE = Automatic;
				DEVELOPMENT_TEAM = U395YUXH44;
				INFOPLIST_FILE = camaraPrub/Info.plist;
				LD_RUNPATH_SEARCH_PATHS = (
					"$(inherited)",
					"@executable_path/Frameworks",
				);
				PRODUCT_BUNDLE_IDENTIFIER = com.camaraPrub.com;
				PRODUCT_NAME = "$(TARGET_NAME)";
				SWIFT_VERSION = 5.0;
				TARGETED_DEVICE_FAMILY = 1;
			};
			name = Release;
		};
/* End XCBuildConfiguration section */

/* Begin XCConfigurationList section */
		276ED51E247E0C48008675AD /* Build configuration list for PBXProject "camaraPrub" */ = {
			isa = XCConfigurationList;
			buildConfigurations = (
				276ED535247E0C4C008675AD /* Debug */,
				276ED536247E0C4C008675AD /* Release */,
			);
			defaultConfigurationIsVisible = 0;
			defaultConfigurationName = Release;
		};
		276ED537247E0C4C008675AD /* Build configuration list for PBXNativeTarget "camaraPrub" */ = {
			isa = XCConfigurationList;
			buildConfigurations = (
				276ED538247E0C4C008675AD /* Debug */,
				276ED539247E0C4C008675AD /* Release */,
			);
			defaultConfigurationIsVisible = 0;
			defaultConfigurationName = Release;
		};
/* End XCConfigurationList section */
	};
	rootObject = 276ED51B247E0C48008675AD /* Project object */;
}
